{
  "lockfileVersion": 1,
  "workspaces": {
    "": {
      "dependencies": {
        "@react-input/mask": "^2.0.4",
      },
    },
  },
  "packages": {
    "@react-input/core": ["@react-input/core@2.0.2", "", { "peerDependencies": { "@types/react": ">=16.8", "react": ">=16.8 || ^19.0.0-rc", "react-dom": ">=16.8 || ^19.0.0-rc" }, "optionalPeers": ["@types/react"] }, "sha512-xLLBueYFbant9308uv3cIJQz5NYSixeGspjP3Nt6jogRHTcHYMRmlVFUuSzQiP8Z8/5BdnPkudRSsN0/AJ1fbw=="],

    "@react-input/mask": ["@react-input/mask@2.0.4", "", { "dependencies": { "@react-input/core": "^2.0.2" }, "peerDependencies": { "@types/react": ">=16.8", "react": ">=16.8 || ^19.0.0-rc", "react-dom": ">=16.8 || ^19.0.0-rc" }, "optionalPeers": ["@types/react"] }, "sha512-NOielvQSBOlGLVuEcxtkjaGneC0GJFXjC7KOF99ed9H9XSDruWnQirjht5uSbWqLeeiOup0VD2YjM+6FH+aWBg=="],

    "react": ["react@19.1.0", "", {}, "sha512-FS+XFBNvn3GTAWq26joslQgWNoFu08F4kl0J4CgdNKADkdSGXQyTCnKteIAJy96Br6YbpEU1LSzV5dYtjMkMDg=="],

    "react-dom": ["react-dom@19.1.0", "", { "dependencies": { "scheduler": "^0.26.0" }, "peerDependencies": { "react": "^19.1.0" } }, "sha512-Xs1hdnE+DyKgeHJeJznQmYMIBG3TKIHJJT95Q58nHLSrElKlGQqDTR2HQ9fx5CN/Gk6Vh/kupBTDLU11/nDk/g=="],

    "scheduler": ["scheduler@0.26.0", "", {}, "sha512-NlHwttCI/l5gCPR3D1nNXtWABUmBwvZpEQiD4IXSbIDq8BzLIK/7Ir5gTFSGZDUu37K5cMNp0hFtzO38sC7gWA=="],
  }
}
